
Microsoft Visual Studio Solution File, Format Version 12.00
# Visual Studio 15
VisualStudioVersion = 15.0.27130.2027
MinimumVisualStudioVersion = 10.0.40219.1
Project("{9A19103F-16F7-4668-BE54-9A1E7A4F7556}") = "NEMS_API.WebApp", "NEMS_API.WebApp\NEMS_API.WebApp.csproj", "{5E52A369-BA5A-45FF-BB84-098854B94099}"
EndProject
Project("{9A19103F-16F7-4668-BE54-9A1E7A4F7556}") = "NEMS_API.Core", "NEMS_API.Core\NEMS_API.Core.csproj", "{883EA749-B626-4596-B604-AE828C89696C}"
EndProject
Project("{9A19103F-16F7-4668-BE54-9A1E7A4F7556}") = "NEMS_API.Services", "NEMS_API.Services\NEMS_API.Services.csproj", "{7A103066-716F-40C2-9763-2372D84D8D06}"
EndProject
Project("{9A19103F-16F7-4668-BE54-9A1E7A4F7556}") = "NEMS_API.Models", "NEMS_API.Models\NEMS_API.Models.csproj", "{C09DA1D0-2852-48E7-978F-7503D1999859}"
EndProject
Project("{9A19103F-16F7-4668-BE54-9A1E7A4F7556}") = "NEMS_API.Utilities", "NEMS_API.Utilities\NEMS_API.Utilities.csproj", "{7A6129B6-78A9-462C-AFE3-E62068C267F8}"
EndProject
Project("{2150E333-8FDC-42A3-9474-1A3956D46DE8}") = "Tests", "Tests", "{238606BD-1B59-46C6-B5E3-F0C875F9DC8E}"
EndProject
Project("{FAE04EC0-301F-11D3-BF4B-00C04F79EFBC}") = "NEMS_APITest.Services", "NEMS_APITest.Services\NEMS_APITest.Services.csproj", "{8DA0E957-E0C7-4063-98B5-FB65DFAEAD0F}"
EndProject
Project("{FAE04EC0-301F-11D3-BF4B-00C04F79EFBC}") = "NEMS_APITest.Core", "NEMS_APITests.Core\NEMS_APITest.Core.csproj", "{518B703C-348D-491B-B9B9-26CE786EDD09}"
EndProject
Project("{2150E333-8FDC-42A3-9474-1A3956D46DE8}") = "Helpers", "Helpers", "{C0E54286-29B0-4D28-AA39-50CA02C569FE}"
EndProject
Project("{FAE04EC0-301F-11D3-BF4B-00C04F79EFBC}") = "NEMS_APITestHelper.Data", "NEMS_APITestHelper.Data\NEMS_APITestHelper.Data.csproj", "{72CB0E04-ED04-49C3-8D38-8B96ACD9A060}"
EndProject
Project("{FAE04EC0-301F-11D3-BF4B-00C04F79EFBC}") = "NEMS_APITestHelper.StubClasses", "NEMS_APITestHelper.StubClasses\NEMS_APITestHelper.StubClasses.csproj", "{6780B29E-201C-4831-85FD-040C16DAAF62}"
EndProject
Project("{FAE04EC0-301F-11D3-BF4B-00C04F79EFBC}") = "NEMS_APITest.Models", "NEMS_APITest\NEMS_APITest.Models.csproj", "{7D5A588C-9C1D-41EF-9C6A-5BB5CB9F6F6A}"
EndProject
Project("{FAE04EC0-301F-11D3-BF4B-00C04F79EFBC}") = "NEMS_APITest.Utilities", "NEMS_APITest.Utilities\NEMS_APITest.Utilities.csproj", "{EC659C67-96BF-4A84-8B34-82920702FB4B}"
EndProject
Project("{FAE04EC0-301F-11D3-BF4B-00C04F79EFBC}") = "NEMS_API.Data", "NEMS_API.Data\NEMS_API.Data.csproj", "{E8516206-66BC-4AC8-96B2-1E76302B6212}"
EndProject
Global
	GlobalSection(SolutionConfigurationPlatforms) = preSolution
		Debug|Any CPU = Debug|Any CPU
		Release|Any CPU = Release|Any CPU
	EndGlobalSection
	GlobalSection(ProjectConfigurationPlatforms) = postSolution
		{5E52A369-BA5A-45FF-BB84-098854B94099}.Debug|Any CPU.ActiveCfg = Debug|Any CPU
		{5E52A369-BA5A-45FF-BB84-098854B94099}.Debug|Any CPU.Build.0 = Debug|Any CPU
		{5E52A369-BA5A-45FF-BB84-098854B94099}.Release|Any CPU.ActiveCfg = Release|Any CPU
		{5E52A369-BA5A-45FF-BB84-098854B94099}.Release|Any CPU.Build.0 = Release|Any CPU
		{883EA749-B626-4596-B604-AE828C89696C}.Debug|Any CPU.ActiveCfg = Debug|Any CPU
		{883EA749-B626-4596-B604-AE828C89696C}.Debug|Any CPU.Build.0 = Debug|Any CPU
		{883EA749-B626-4596-B604-AE828C89696C}.Release|Any CPU.ActiveCfg = Release|Any CPU
		{883EA749-B626-4596-B604-AE828C89696C}.Release|Any CPU.Build.0 = Release|Any CPU
		{7A103066-716F-40C2-9763-2372D84D8D06}.Debug|Any CPU.ActiveCfg = Debug|Any CPU
		{7A103066-716F-40C2-9763-2372D84D8D06}.Debug|Any CPU.Build.0 = Debug|Any CPU
		{7A103066-716F-40C2-9763-2372D84D8D06}.Release|Any CPU.ActiveCfg = Release|Any CPU
		{7A103066-716F-40C2-9763-2372D84D8D06}.Release|Any CPU.Build.0 = Release|Any CPU
		{C09DA1D0-2852-48E7-978F-7503D1999859}.Debug|Any CPU.ActiveCfg = Debug|Any CPU
		{C09DA1D0-2852-48E7-978F-7503D1999859}.Debug|Any CPU.Build.0 = Debug|Any CPU
		{C09DA1D0-2852-48E7-978F-7503D1999859}.Release|Any CPU.ActiveCfg = Release|Any CPU
		{C09DA1D0-2852-48E7-978F-7503D1999859}.Release|Any CPU.Build.0 = Release|Any CPU
		{7A6129B6-78A9-462C-AFE3-E62068C267F8}.Debug|Any CPU.ActiveCfg = Debug|Any CPU
		{7A6129B6-78A9-462C-AFE3-E62068C267F8}.Debug|Any CPU.Build.0 = Debug|Any CPU
		{7A6129B6-78A9-462C-AFE3-E62068C267F8}.Release|Any CPU.ActiveCfg = Release|Any CPU
		{7A6129B6-78A9-462C-AFE3-E62068C267F8}.Release|Any CPU.Build.0 = Release|Any CPU
		{8DA0E957-E0C7-4063-98B5-FB65DFAEAD0F}.Debug|Any CPU.ActiveCfg = Debug|Any CPU
		{8DA0E957-E0C7-4063-98B5-FB65DFAEAD0F}.Debug|Any CPU.Build.0 = Debug|Any CPU
		{8DA0E957-E0C7-4063-98B5-FB65DFAEAD0F}.Release|Any CPU.ActiveCfg = Release|Any CPU
		{8DA0E957-E0C7-4063-98B5-FB65DFAEAD0F}.Release|Any CPU.Build.0 = Release|Any CPU
		{518B703C-348D-491B-B9B9-26CE786EDD09}.Debug|Any CPU.ActiveCfg = Debug|Any CPU
		{518B703C-348D-491B-B9B9-26CE786EDD09}.Debug|Any CPU.Build.0 = Debug|Any CPU
		{518B703C-348D-491B-B9B9-26CE786EDD09}.Release|Any CPU.ActiveCfg = Release|Any CPU
		{518B703C-348D-491B-B9B9-26CE786EDD09}.Release|Any CPU.Build.0 = Release|Any CPU
		{72CB0E04-ED04-49C3-8D38-8B96ACD9A060}.Debug|Any CPU.ActiveCfg = Debug|Any CPU
		{72CB0E04-ED04-49C3-8D38-8B96ACD9A060}.Debug|Any CPU.Build.0 = Debug|Any CPU
		{72CB0E04-ED04-49C3-8D38-8B96ACD9A060}.Release|Any CPU.ActiveCfg = Release|Any CPU
		{72CB0E04-ED04-49C3-8D38-8B96ACD9A060}.Release|Any CPU.Build.0 = Release|Any CPU
		{6780B29E-201C-4831-85FD-040C16DAAF62}.Debug|Any CPU.ActiveCfg = Debug|Any CPU
		{6780B29E-201C-4831-85FD-040C16DAAF62}.Debug|Any CPU.Build.0 = Debug|Any CPU
		{6780B29E-201C-4831-85FD-040C16DAAF62}.Release|Any CPU.ActiveCfg = Release|Any CPU
		{6780B29E-201C-4831-85FD-040C16DAAF62}.Release|Any CPU.Build.0 = Release|Any CPU
		{7D5A588C-9C1D-41EF-9C6A-5BB5CB9F6F6A}.Debug|Any CPU.ActiveCfg = Debug|Any CPU
		{7D5A588C-9C1D-41EF-9C6A-5BB5CB9F6F6A}.Debug|Any CPU.Build.0 = Debug|Any CPU
		{7D5A588C-9C1D-41EF-9C6A-5BB5CB9F6F6A}.Release|Any CPU.ActiveCfg = Release|Any CPU
		{7D5A588C-9C1D-41EF-9C6A-5BB5CB9F6F6A}.Release|Any CPU.Build.0 = Release|Any CPU
		{EC659C67-96BF-4A84-8B34-82920702FB4B}.Debug|Any CPU.ActiveCfg = Debug|Any CPU
		{EC659C67-96BF-4A84-8B34-82920702FB4B}.Debug|Any CPU.Build.0 = Debug|Any CPU
		{EC659C67-96BF-4A84-8B34-82920702FB4B}.Release|Any CPU.ActiveCfg = Release|Any CPU
		{EC659C67-96BF-4A84-8B34-82920702FB4B}.Release|Any CPU.Build.0 = Release|Any CPU
		{E8516206-66BC-4AC8-96B2-1E76302B6212}.Debug|Any CPU.ActiveCfg = Debug|Any CPU
		{E8516206-66BC-4AC8-96B2-1E76302B6212}.Debug|Any CPU.Build.0 = Debug|Any CPU
		{E8516206-66BC-4AC8-96B2-1E76302B6212}.Release|Any CPU.ActiveCfg = Release|Any CPU
		{E8516206-66BC-4AC8-96B2-1E76302B6212}.Release|Any CPU.Build.0 = Release|Any CPU
	EndGlobalSection
	GlobalSection(SolutionProperties) = preSolution
		HideSolutionNode = FALSE
	EndGlobalSection
	GlobalSection(NestedProjects) = preSolution
		{8DA0E957-E0C7-4063-98B5-FB65DFAEAD0F} = {238606BD-1B59-46C6-B5E3-F0C875F9DC8E}
		{518B703C-348D-491B-B9B9-26CE786EDD09} = {238606BD-1B59-46C6-B5E3-F0C875F9DC8E}
		{C0E54286-29B0-4D28-AA39-50CA02C569FE} = {238606BD-1B59-46C6-B5E3-F0C875F9DC8E}
		{72CB0E04-ED04-49C3-8D38-8B96ACD9A060} = {C0E54286-29B0-4D28-AA39-50CA02C569FE}
		{6780B29E-201C-4831-85FD-040C16DAAF62} = {C0E54286-29B0-4D28-AA39-50CA02C569FE}
		{7D5A588C-9C1D-41EF-9C6A-5BB5CB9F6F6A} = {238606BD-1B59-46C6-B5E3-F0C875F9DC8E}
		{EC659C67-96BF-4A84-8B34-82920702FB4B} = {238606BD-1B59-46C6-B5E3-F0C875F9DC8E}
	EndGlobalSection
	GlobalSection(ExtensibilityGlobals) = postSolution
		SolutionGuid = {374509CE-172D-4777-B84B-C6C1E9CC3EFD}
	EndGlobalSection
EndGlobal
